
Microsoft Visual Studio Solution File, Format Version 12.00
# Visual Studio Version 17
VisualStudioVersion = 17.3.32901.215
MinimumVisualStudioVersion = 10.0.40219.1
Project("{FAE04EC0-301F-11D3-BF4B-00C04F79EFBC}") = "angularDemo", "angularDemo\angularDemo.csproj", "{3A59C3A6-F4CF-4472-B833-D00383ED2642}"
EndProject
Global
	GlobalSection(SolutionConfigurationPlatforms) = preSolution
		Debug|Any CPU = Debug|Any CPU
		Release|Any CPU = Release|Any CPU
	EndGlobalSection
	GlobalSection(ProjectConfigurationPlatforms) = postSolution
		{3A59C3A6-F4CF-4472-B833-D00383ED2642}.Debug|Any CPU.ActiveCfg = Debug|Any CPU
		{3A59C3A6-F4CF-4472-B833-D00383ED2642}.Debug|Any CPU.Build.0 = Debug|Any CPU
		{3A59C3A6-F4CF-4472-B833-D00383ED2642}.Release|Any CPU.ActiveCfg = Release|Any CPU
		{3A59C3A6-F4CF-4472-B833-D00383ED2642}.Release|Any CPU.Build.0 = Release|Any CPU
	EndGlobalSection
	GlobalSection(SolutionProperties) = preSolution
		HideSolutionNode = FALSE
	EndGlobalSection
	GlobalSection(ExtensibilityGlobals) = postSolution
		SolutionGuid = {BAEC74D0-EC12-4EA1-8DD4-F53C5CDB7040}
	EndGlobalSection
EndGlobal
