
Microsoft Visual Studio Solution File, Format Version 12.00
# Visual Studio Version 17
VisualStudioVersion = 17.3.32901.215
MinimumVisualStudioVersion = 10.0.40219.1
Project("{9A19103F-16F7-4668-BE54-9A1E7A4F7556}") = "ApiService", "ApiService\ApiService.csproj", "{D98978CD-CDB6-4B8F-9EFC-DCF02F811913}"
EndProject
Project("{FAE04EC0-301F-11D3-BF4B-00C04F79EFBC}") = "ApiTest", "ApiTest\ApiTest.csproj", "{5C222BFA-1C95-46ED-BF13-D9636B48024F}"
EndProject
Global
	GlobalSection(SolutionConfigurationPlatforms) = preSolution
		Debug|Any CPU = Debug|Any CPU
		Release|Any CPU = Release|Any CPU
	EndGlobalSection
	GlobalSection(ProjectConfigurationPlatforms) = postSolution
		{D98978CD-CDB6-4B8F-9EFC-DCF02F811913}.Debug|Any CPU.ActiveCfg = Debug|Any CPU
		{D98978CD-CDB6-4B8F-9EFC-DCF02F811913}.Debug|Any CPU.Build.0 = Debug|Any CPU
		{D98978CD-CDB6-4B8F-9EFC-DCF02F811913}.Release|Any CPU.ActiveCfg = Release|Any CPU
		{D98978CD-CDB6-4B8F-9EFC-DCF02F811913}.Release|Any CPU.Build.0 = Release|Any CPU
		{5C222BFA-1C95-46ED-BF13-D9636B48024F}.Debug|Any CPU.ActiveCfg = Debug|Any CPU
		{5C222BFA-1C95-46ED-BF13-D9636B48024F}.Debug|Any CPU.Build.0 = Debug|Any CPU
		{5C222BFA-1C95-46ED-BF13-D9636B48024F}.Release|Any CPU.ActiveCfg = Release|Any CPU
		{5C222BFA-1C95-46ED-BF13-D9636B48024F}.Release|Any CPU.Build.0 = Release|Any CPU
	EndGlobalSection
	GlobalSection(SolutionProperties) = preSolution
		HideSolutionNode = FALSE
	EndGlobalSection
	GlobalSection(ExtensibilityGlobals) = postSolution
		SolutionGuid = {D3C1A1C2-CA10-4152-9E9E-15F26E1F7FD5}
	EndGlobalSection
EndGlobal
